{
  "name": "mallgrabber",
  "version": "1.0.0",
  "lockfileVersion": 1,
  "requires": true,
  "dependencies": {
    "node-wget-promise": {
      "version": "0.1.6",
      "resolved": "https://registry.npmjs.org/node-wget-promise/-/node-wget-promise-0.1.6.tgz",
      "integrity": "sha512-EB1aleH7rp+rjdZRugezC8Nk7QJ6uXueYDUumFXkXQy7Z3HoW+0G6/cxjVMSmQHZmt4TC7xdpleOYnw65/ciLw=="
    }
  }
}
